
Microsoft Visual Studio Solution File, Format Version 12.00
Project("{FAE04EC0-301F-11D3-BF4B-00C04F79EFBC}") = "EchoServer", "EchoServer.csproj", "{AFA1F4E1-E3A4-44CA-81D2-41CE9B65B081}"
EndProject
Global
	GlobalSection(SolutionConfigurationPlatforms) = preSolution
		Debug|Any CPU = Debug|Any CPU
		Release|Any CPU = Release|Any CPU
	EndGlobalSection
	GlobalSection(ProjectConfigurationPlatforms) = postSolution
		{AFA1F4E1-E3A4-44CA-81D2-41CE9B65B081}.Debug|Any CPU.ActiveCfg = Debug|Any CPU
		{AFA1F4E1-E3A4-44CA-81D2-41CE9B65B081}.Debug|Any CPU.Build.0 = Debug|Any CPU
		{AFA1F4E1-E3A4-44CA-81D2-41CE9B65B081}.Release|Any CPU.ActiveCfg = Release|Any CPU
		{AFA1F4E1-E3A4-44CA-81D2-41CE9B65B081}.Release|Any CPU.Build.0 = Release|Any CPU
	EndGlobalSection
EndGlobal
